// !$*UTF8*$!
{
	archiveVersion = 1;
	classes = {
	};
	objectVersion = 55;
	objects = {

/* Begin PBXBuildFile section */
		F6171004283D168D008F1C23 /* AppDelegate.swift in Sources */ = {isa = PBXBuildFile; fileRef = F6171003283D168D008F1C23 /* AppDelegate.swift */; };
		F6171006283D168D008F1C23 /* SceneDelegate.swift in Sources */ = {isa = PBXBuildFile; fileRef = F6171005283D168D008F1C23 /* SceneDelegate.swift */; };
		F6171008283D168D008F1C23 /* ViewController.swift in Sources */ = {isa = PBXBuildFile; fileRef = F6171007283D168D008F1C23 /* ViewController.swift */; };
		F617100B283D168D008F1C23 /* Main.storyboard in Resources */ = {isa = PBXBuildFile; fileRef = F6171009283D168D008F1C23 /* Main.storyboard */; };
		F617100D283D168F008F1C23 /* Assets.xcassets in Resources */ = {isa = PBXBuildFile; fileRef = F617100C283D168F008F1C23 /* Assets.xcassets */; };
		F6171010283D168F008F1C23 /* LaunchScreen.storyboard in Resources */ = {isa = PBXBuildFile; fileRef = F617100E283D168F008F1C23 /* LaunchScreen.storyboard */; };
		F617101B283D168F008F1C23 /* H02021Tests.swift in Sources */ = {isa = PBXBuildFile; fileRef = F617101A283D168F008F1C23 /* H02021Tests.swift */; };
		F6171025283D1690008F1C23 /* H02021UITests.swift in Sources */ = {isa = PBXBuildFile; fileRef = F6171024283D1690008F1C23 /* H02021UITests.swift */; };
		F6171027283D1690008F1C23 /* H02021UITestsLaunchTests.swift in Sources */ = {isa = PBXBuildFile; fileRef = F6171026283D1690008F1C23 /* H02021UITestsLaunchTests.swift */; };
/* End PBXBuildFile section */

/* Begin PBXContainerItemProxy section */
		F6171017283D168F008F1C23 /* PBXContainerItemProxy */ = {
			isa = PBXContainerItemProxy;
			containerPortal = F6170FF8283D168D008F1C23 /* Project object */;
			proxyType = 1;
			remoteGlobalIDString = F6170FFF283D168D008F1C23;
			remoteInfo = H02021;
		};
		F6171021283D168F008F1C23 /* PBXContainerItemProxy */ = {
			isa = PBXContainerItemProxy;
			containerPortal = F6170FF8283D168D008F1C23 /* Project object */;
			proxyType = 1;
			remoteGlobalIDString = F6170FFF283D168D008F1C23;
			remoteInfo = H02021;
		};
/* End PBXContainerItemProxy section */

/* Begin PBXFileReference section */
		F6171000283D168D008F1C23 /* H02021.app */ = {isa = PBXFileReference; explicitFileType = wrapper.application; includeInIndex = 0; path = H02021.app; sourceTree = BUILT_PRODUCTS_DIR; };
		F6171003283D168D008F1C23 /* AppDelegate.swift */ = {isa = PBXFileReference; lastKnownFileType = sourcecode.swift; path = AppDelegate.swift; sourceTree = "<group>"; };
		F6171005283D168D008F1C23 /* SceneDelegate.swift */ = {isa = PBXFileReference; lastKnownFileType = sourcecode.swift; path = SceneDelegate.swift; sourceTree = "<group>"; };
		F6171007283D168D008F1C23 /* ViewController.swift */ = {isa = PBXFileReference; lastKnownFileType = sourcecode.swift; path = ViewController.swift; sourceTree = "<group>"; };
		F617100A283D168D008F1C23 /* Base */ = {isa = PBXFileReference; lastKnownFileType = file.storyboard; name = Base; path = Base.lproj/Main.storyboard; sourceTree = "<group>"; };
		F617100C283D168F008F1C23 /* Assets.xcassets */ = {isa = PBXFileReference; lastKnownFileType = folder.assetcatalog; path = Assets.xcassets; sourceTree = "<group>"; };
		F617100F283D168F008F1C23 /* Base */ = {isa = PBXFileReference; lastKnownFileType = file.storyboard; name = Base; path = Base.lproj/LaunchScreen.storyboard; sourceTree = "<group>"; };
		F6171011283D168F008F1C23 /* Info.plist */ = {isa = PBXFileReference; lastKnownFileType = text.plist.xml; path = Info.plist; sourceTree = "<group>"; };
		F6171016283D168F008F1C23 /* H02021Tests.xctest */ = {isa = PBXFileReference; explicitFileType = wrapper.cfbundle; includeInIndex = 0; path = H02021Tests.xctest; sourceTree = BUILT_PRODUCTS_DIR; };
		F617101A283D168F008F1C23 /* H02021Tests.swift */ = {isa = PBXFileReference; lastKnownFileType = sourcecode.swift; path = H02021Tests.swift; sourceTree = "<group>"; };
		F6171020283D168F008F1C23 /* H02021UITests.xctest */ = {isa = PBXFileReference; explicitFileType = wrapper.cfbundle; includeInIndex = 0; path = H02021UITests.xctest; sourceTree = BUILT_PRODUCTS_DIR; };
		F6171024283D1690008F1C23 /* H02021UITests.swift */ = {isa = PBXFileReference; lastKnownFileType = sourcecode.swift; path = H02021UITests.swift; sourceTree = "<group>"; };
		F6171026283D1690008F1C23 /* H02021UITestsLaunchTests.swift */ = {isa = PBXFileReference; lastKnownFileType = sourcecode.swift; path = H02021UITestsLaunchTests.swift; sourceTree = "<group>"; };
/* End PBXFileReference section */

/* Begin PBXFrameworksBuildPhase section */
		F6170FFD283D168D008F1C23 /* Frameworks */ = {
			isa = PBXFrameworksBuildPhase;
			buildActionMask = 2147483647;
			files = (
			);
			runOnlyForDeploymentPostprocessing = 0;
		};
		F6171013283D168F008F1C23 /* Frameworks */ = {
			isa = PBXFrameworksBuildPhase;
			buildActionMask = 2147483647;
			files = (
			);
			runOnlyForDeploymentPostprocessing = 0;
		};
		F617101D283D168F008F1C23 /* Frameworks */ = {
			isa = PBXFrameworksBuildPhase;
			buildActionMask = 2147483647;
			files = (
			);
			runOnlyForDeploymentPostprocessing = 0;
		};
/* End PBXFrameworksBuildPhase section */

/* Begin PBXGroup section */
		F6170FF7283D168D008F1C23 = {
			isa = PBXGroup;
			children = (
				F6171002283D168D008F1C23 /* H02021 */,
				F6171019283D168F008F1C23 /* H02021Tests */,
				F6171023283D1690008F1C23 /* H02021UITests */,
				F6171001283D168D008F1C23 /* Products */,
			);
			sourceTree = "<group>";
		};
		F6171001283D168D008F1C23 /* Products */ = {
			isa = PBXGroup;
			children = (
				F6171000283D168D008F1C23 /* H02021.app */,
				F6171016283D168F008F1C23 /* H02021Tests.xctest */,
				F6171020283D168F008F1C23 /* H02021UITests.xctest */,
			);
			name = Products;
			sourceTree = "<group>";
		};
		F6171002283D168D008F1C23 /* H02021 */ = {
			isa = PBXGroup;
			children = (
				F6171003283D168D008F1C23 /* AppDelegate.swift */,
				F6171005283D168D008F1C23 /* SceneDelegate.swift */,
				F6171007283D168D008F1C23 /* ViewController.swift */,
				F6171009283D168D008F1C23 /* Main.storyboard */,
				F617100C283D168F008F1C23 /* Assets.xcassets */,
				F617100E283D168F008F1C23 /* LaunchScreen.storyboard */,
				F6171011283D168F008F1C23 /* Info.plist */,
			);
			path = H02021;
			sourceTree = "<group>";
		};
		F6171019283D168F008F1C23 /* H02021Tests */ = {
			isa = PBXGroup;
			children = (
				F617101A283D168F008F1C23 /* H02021Tests.swift */,
			);
			path = H02021Tests;
			sourceTree = "<group>";
		};
		F6171023283D1690008F1C23 /* H02021UITests */ = {
			isa = PBXGroup;
			children = (
				F6171024283D1690008F1C23 /* H02021UITests.swift */,
				F6171026283D1690008F1C23 /* H02021UITestsLaunchTests.swift */,
			);
			path = H02021UITests;
			sourceTree = "<group>";
		};
/* End PBXGroup section */

/* Begin PBXNativeTarget section */
		F6170FFF283D168D008F1C23 /* H02021 */ = {
			isa = PBXNativeTarget;
			buildConfigurationList = F617102A283D1690008F1C23 /* Build configuration list for PBXNativeTarget "H02021" */;
			buildPhases = (
				F6170FFC283D168D008F1C23 /* Sources */,
				F6170FFD283D168D008F1C23 /* Frameworks */,
				F6170FFE283D168D008F1C23 /* Resources */,
			);
			buildRules = (
			);
			dependencies = (
			);
			name = H02021;
			productName = H02021;
			productReference = F6171000283D168D008F1C23 /* H02021.app */;
			productType = "com.apple.product-type.application";
		};
		F6171015283D168F008F1C23 /* H02021Tests */ = {
			isa = PBXNativeTarget;
			buildConfigurationList = F617102D283D1690008F1C23 /* Build configuration list for PBXNativeTarget "H02021Tests" */;
			buildPhases = (
				F6171012283D168F008F1C23 /* Sources */,
				F6171013283D168F008F1C23 /* Frameworks */,
				F6171014283D168F008F1C23 /* Resources */,
			);
			buildRules = (
			);
			dependencies = (
				F6171018283D168F008F1C23 /* PBXTargetDependency */,
			);
			name = H02021Tests;
			productName = H02021Tests;
			productReference = F6171016283D168F008F1C23 /* H02021Tests.xctest */;
			productType = "com.apple.product-type.bundle.unit-test";
		};
		F617101F283D168F008F1C23 /* H02021UITests */ = {
			isa = PBXNativeTarget;
			buildConfigurationList = F6171030283D1690008F1C23 /* Build configuration list for PBXNativeTarget "H02021UITests" */;
			buildPhases = (
				F617101C283D168F008F1C23 /* Sources */,
				F617101D283D168F008F1C23 /* Frameworks */,
				F617101E283D168F008F1C23 /* Resources */,
			);
			buildRules = (
			);
			dependencies = (
				F6171022283D168F008F1C23 /* PBXTargetDependency */,
			);
			name = H02021UITests;
			productName = H02021UITests;
			productReference = F6171020283D168F008F1C23 /* H02021UITests.xctest */;
			productType = "com.apple.product-type.bundle.ui-testing";
		};
/* End PBXNativeTarget section */

/* Begin PBXProject section */
		F6170FF8283D168D008F1C23 /* Project object */ = {
			isa = PBXProject;
			attributes = {
				BuildIndependentTargetsInParallel = 1;
				LastSwiftUpdateCheck = 1340;
				LastUpgradeCheck = 1340;
				TargetAttributes = {
					F6170FFF283D168D008F1C23 = {
						CreatedOnToolsVersion = 13.4;
					};
					F6171015283D168F008F1C23 = {
						CreatedOnToolsVersion = 13.4;
						TestTargetID = F6170FFF283D168D008F1C23;
					};
					F617101F283D168F008F1C23 = {
						CreatedOnToolsVersion = 13.4;
						TestTargetID = F6170FFF283D168D008F1C23;
					};
				};
			};
			buildConfigurationList = F6170FFB283D168D008F1C23 /* Build configuration list for PBXProject "H02021" */;
			compatibilityVersion = "Xcode 13.0";
			developmentRegion = en;
			hasScannedForEncodings = 0;
			knownRegions = (
				en,
				Base,
			);
			mainGroup = F6170FF7283D168D008F1C23;
			productRefGroup = F6171001283D168D008F1C23 /* Products */;
			projectDirPath = "";
			projectRoot = "";
			targets = (
				F6170FFF283D168D008F1C23 /* H02021 */,
				F6171015283D168F008F1C23 /* H02021Tests */,
				F617101F283D168F008F1C23 /* H02021UITests */,
			);
		};
/* End PBXProject section */

/* Begin PBXResourcesBuildPhase section */
		F6170FFE283D168D008F1C23 /* Resources */ = {
			isa = PBXResourcesBuildPhase;
			buildActionMask = 2147483647;
			files = (
				F6171010283D168F008F1C23 /* LaunchScreen.storyboard in Resources */,
				F617100D283D168F008F1C23 /* Assets.xcassets in Resources */,
				F617100B283D168D008F1C23 /* Main.storyboard in Resources */,
			);
			runOnlyForDeploymentPostprocessing = 0;
		};
		F6171014283D168F008F1C23 /* Resources */ = {
			isa = PBXResourcesBuildPhase;
			buildActionMask = 2147483647;
			files = (
			);
			runOnlyForDeploymentPostprocessing = 0;
		};
		F617101E283D168F008F1C23 /* Resources */ = {
			isa = PBXResourcesBuildPhase;
			buildActionMask = 2147483647;
			files = (
			);
			runOnlyForDeploymentPostprocessing = 0;
		};
/* End PBXResourcesBuildPhase section */

/* Begin PBXSourcesBuildPhase section */
		F6170FFC283D168D008F1C23 /* Sources */ = {
			isa = PBXSourcesBuildPhase;
			buildActionMask = 2147483647;
			files = (
				F6171008283D168D008F1C23 /* ViewController.swift in Sources */,
				F6171004283D168D008F1C23 /* AppDelegate.swift in Sources */,
				F6171006283D168D008F1C23 /* SceneDelegate.swift in Sources */,
			);
			runOnlyForDeploymentPostprocessing = 0;
		};
		F6171012283D168F008F1C23 /* Sources */ = {
			isa = PBXSourcesBuildPhase;
			buildActionMask = 2147483647;
			files = (
				F617101B283D168F008F1C23 /* H02021Tests.swift in Sources */,
			);
			runOnlyForDeploymentPostprocessing = 0;
		};
		F617101C283D168F008F1C23 /* Sources */ = {
			isa = PBXSourcesBuildPhase;
			buildActionMask = 2147483647;
			files = (
				F6171025283D1690008F1C23 /* H02021UITests.swift in Sources */,
				F6171027283D1690008F1C23 /* H02021UITestsLaunchTests.swift in Sources */,
			);
			runOnlyForDeploymentPostprocessing = 0;
		};
/* End PBXSourcesBuildPhase section */

/* Begin PBXTargetDependency section */
		F6171018283D168F008F1C23 /* PBXTargetDependency */ = {
			isa = PBXTargetDependency;
			target = F6170FFF283D168D008F1C23 /* H02021 */;
			targetProxy = F6171017283D168F008F1C23 /* PBXContainerItemProxy */;
		};
		F6171022283D168F008F1C23 /* PBXTargetDependency */ = {
			isa = PBXTargetDependency;
			target = F6170FFF283D168D008F1C23 /* H02021 */;
			targetProxy = F6171021283D168F008F1C23 /* PBXContainerItemProxy */;
		};
/* End PBXTargetDependency section */

/* Begin PBXVariantGroup section */
		F6171009283D168D008F1C23 /* Main.storyboard */ = {
			isa = PBXVariantGroup;
			children = (
				F617100A283D168D008F1C23 /* Base */,
			);
			name = Main.storyboard;
			sourceTree = "<group>";
		};
		F617100E283D168F008F1C23 /* LaunchScreen.storyboard */ = {
			isa = PBXVariantGroup;
			children = (
				F617100F283D168F008F1C23 /* Base */,
			);
			name = LaunchScreen.storyboard;
			sourceTree = "<group>";
		};
/* End PBXVariantGroup section */

/* Begin XCBuildConfiguration section */
		F6171028283D1690008F1C23 /* Debug */ = {
			isa = XCBuildConfiguration;
			buildSettings = {
				ALWAYS_SEARCH_USER_PATHS = NO;
				CLANG_ANALYZER_NONNULL = YES;
				CLANG_ANALYZER_NUMBER_OBJECT_CONVERSION = YES_AGGRESSIVE;
				CLANG_CXX_LANGUAGE_STANDARD = "gnu++17";
				CLANG_ENABLE_MODULES = YES;
				CLANG_ENABLE_OBJC_ARC = YES;
				CLANG_ENABLE_OBJC_WEAK = YES;
				CLANG_WARN_BLOCK_CAPTURE_AUTORELEASING = YES;
				CLANG_WARN_BOOL_CONVERSION = YES;
				CLANG_WARN_COMMA = YES;
				CLANG_WARN_CONSTANT_CONVERSION = YES;
				CLANG_WARN_DEPRECATED_OBJC_IMPLEMENTATIONS = YES;
				CLANG_WARN_DIRECT_OBJC_ISA_USAGE = YES_ERROR;
				CLANG_WARN_DOCUMENTATION_COMMENTS = YES;
				CLANG_WARN_EMPTY_BODY = YES;
				CLANG_WARN_ENUM_CONVERSION = YES;
				CLANG_WARN_INFINITE_RECURSION = YES;
				CLANG_WARN_INT_CONVERSION = YES;
				CLANG_WARN_NON_LITERAL_NULL_CONVERSION = YES;
				CLANG_WARN_OBJC_IMPLICIT_RETAIN_SELF = YES;
				CLANG_WARN_OBJC_LITERAL_CONVERSION = YES;
				CLANG_WARN_OBJC_ROOT_CLASS = YES_ERROR;
				CLANG_WARN_QUOTED_INCLUDE_IN_FRAMEWORK_HEADER = YES;
				CLANG_WARN_RANGE_LOOP_ANALYSIS = YES;
				CLANG_WARN_STRICT_PROTOTYPES = YES;
				CLANG_WARN_SUSPICIOUS_MOVE = YES;
				CLANG_WARN_UNGUARDED_AVAILABILITY = YES_AGGRESSIVE;
				CLANG_WARN_UNREACHABLE_CODE = YES;
				CLANG_WARN__DUPLICATE_METHOD_MATCH = YES;
				COPY_PHASE_STRIP = NO;
				DEBUG_INFORMATION_FORMAT = dwarf;
				ENABLE_STRICT_OBJC_MSGSEND = YES;
				ENABLE_TESTABILITY = YES;
				GCC_C_LANGUAGE_STANDARD = gnu11;
				GCC_DYNAMIC_NO_PIC = NO;
				GCC_NO_COMMON_BLOCKS = YES;
				GCC_OPTIMIZATION_LEVEL = 0;
				GCC_PREPROCESSOR_DEFINITIONS = (
					"DEBUG=1",
					"$(inherited)",
				);
				GCC_WARN_64_TO_32_BIT_CONVERSION = YES;
				GCC_WARN_ABOUT_RETURN_TYPE = YES_ERROR;
				GCC_WARN_UNDECLARED_SELECTOR = YES;
				GCC_WARN_UNINITIALIZED_AUTOS = YES_AGGRESSIVE;
				GCC_WARN_UNUSED_FUNCTION = YES;
				GCC_WARN_UNUSED_VARIABLE = YES;
				IPHONEOS_DEPLOYMENT_TARGET = 15.5;
				MTL_ENABLE_DEBUG_INFO = INCLUDE_SOURCE;
				MTL_FAST_MATH = YES;
				ONLY_ACTIVE_ARCH = YES;
				SDKROOT = iphoneos;
				SWIFT_ACTIVE_COMPILATION_CONDITIONS = DEBUG;
				SWIFT_OPTIMIZATION_LEVEL = "-Onone";
			};
			name = Debug;
		};
		F6171029283D1690008F1C23 /* Release */ = {
			isa = XCBuildConfiguration;
			buildSettings = {
				ALWAYS_SEARCH_USER_PATHS = NO;
				CLANG_ANALYZER_NONNULL = YES;
				CLANG_ANALYZER_NUMBER_OBJECT_CONVERSION = YES_AGGRESSIVE;
				CLANG_CXX_LANGUAGE_STANDARD = "gnu++17";
				CLANG_ENABLE_MODULES = YES;
				CLANG_ENABLE_OBJC_ARC = YES;
				CLANG_ENABLE_OBJC_WEAK = YES;
				CLANG_WARN_BLOCK_CAPTURE_AUTORELEASING = YES;
				CLANG_WARN_BOOL_CONVERSION = YES;
				CLANG_WARN_COMMA = YES;
				CLANG_WARN_CONSTANT_CONVERSION = YES;
				CLANG_WARN_DEPRECATED_OBJC_IMPLEMENTATIONS = YES;
				CLANG_WARN_DIRECT_OBJC_ISA_USAGE = YES_ERROR;
				CLANG_WARN_DOCUMENTATION_COMMENTS = YES;
				CLANG_WARN_EMPTY_BODY = YES;
				CLANG_WARN_ENUM_CONVERSION = YES;
				CLANG_WARN_INFINITE_RECURSION = YES;
				CLANG_WARN_INT_CONVERSION = YES;
				CLANG_WARN_NON_LITERAL_NULL_CONVERSION = YES;
				CLANG_WARN_OBJC_IMPLICIT_RETAIN_SELF = YES;
				CLANG_WARN_OBJC_LITERAL_CONVERSION = YES;
				CLANG_WARN_OBJC_ROOT_CLASS = YES_ERROR;
				CLANG_WARN_QUOTED_INCLUDE_IN_FRAMEWORK_HEADER = YES;
				CLANG_WARN_RANGE_LOOP_ANALYSIS = YES;
				CLANG_WARN_STRICT_PROTOTYPES = YES;
				CLANG_WARN_SUSPICIOUS_MOVE = YES;
				CLANG_WARN_UNGUARDED_AVAILABILITY = YES_AGGRESSIVE;
				CLANG_WARN_UNREACHABLE_CODE = YES;
				CLANG_WARN__DUPLICATE_METHOD_MATCH = YES;
				COPY_PHASE_STRIP = NO;
				DEBUG_INFORMATION_FORMAT = "dwarf-with-dsym";
				ENABLE_NS_ASSERTIONS = NO;
				ENABLE_STRICT_OBJC_MSGSEND = YES;
				GCC_C_LANGUAGE_STANDARD = gnu11;
				GCC_NO_COMMON_BLOCKS = YES;
				GCC_WARN_64_TO_32_BIT_CONVERSION = YES;
				GCC_WARN_ABOUT_RETURN_TYPE = YES_ERROR;
				GCC_WARN_UNDECLARED_SELECTOR = YES;
				GCC_WARN_UNINITIALIZED_AUTOS = YES_AGGRESSIVE;
				GCC_WARN_UNUSED_FUNCTION = YES;
				GCC_WARN_UNUSED_VARIABLE = YES;
				IPHONEOS_DEPLOYMENT_TARGET = 15.5;
				MTL_ENABLE_DEBUG_INFO = NO;
				MTL_FAST_MATH = YES;
				SDKROOT = iphoneos;
				SWIFT_COMPILATION_MODE = wholemodule;
				SWIFT_OPTIMIZATION_LEVEL = "-O";
				VALIDATE_PRODUCT = YES;
			};
			name = Release;
		};
		F617102B283D1690008F1C23 /* Debug */ = {
			isa = XCBuildConfiguration;
			buildSettings = {
				ASSETCATALOG_COMPILER_APPICON_NAME = AppIcon;
				ASSETCATALOG_COMPILER_GLOBAL_ACCENT_COLOR_NAME = AccentColor;
				CODE_SIGN_STYLE = Automatic;
				CURRENT_PROJECT_VERSION = 1;
				GENERATE_INFOPLIST_FILE = YES;
				INFOPLIST_FILE = H02021/Info.plist;
				INFOPLIST_KEY_UIApplicationSupportsIndirectInputEvents = YES;
				INFOPLIST_KEY_UILaunchStoryboardName = LaunchScreen;
				INFOPLIST_KEY_UIMainStoryboardFile = Main;
				INFOPLIST_KEY_UISupportedInterfaceOrientations_iPad = "UIInterfaceOrientationPortrait UIInterfaceOrientationPortraitUpsideDown UIInterfaceOrientationLandscapeLeft UIInterfaceOrientationLandscapeRight";
				INFOPLIST_KEY_UISupportedInterfaceOrientations_iPhone = "UIInterfaceOrientationPortrait UIInterfaceOrientationLandscapeLeft UIInterfaceOrientationLandscapeRight";
				LD_RUNPATH_SEARCH_PATHS = (
					"$(inherited)",
					"@executable_path/Frameworks",
				);
				MARKETING_VERSION = 1.0;
				PRODUCT_BUNDLE_IDENTIFIER = jp.ac.hal.H02021;
				PRODUCT_NAME = "$(TARGET_NAME)";
				SWIFT_EMIT_LOC_STRINGS = YES;
				SWIFT_VERSION = 5.0;
				TARGETED_DEVICE_FAMILY = "1,2";
			};
			name = Debug;
		};
		F617102C283D1690008F1C23 /* Release */ = {
			isa = XCBuildConfiguration;
			buildSettings = {
				ASSETCATALOG_COMPILER_APPICON_NAME = AppIcon;
				ASSETCATALOG_COMPILER_GLOBAL_ACCENT_COLOR_NAME = AccentColor;
				CODE_SIGN_STYLE = Automatic;
				CURRENT_PROJECT_VERSION = 1;
				GENERATE_INFOPLIST_FILE = YES;
				INFOPLIST_FILE = H02021/Info.plist;
				INFOPLIST_KEY_UIApplicationSupportsIndirectInputEvents = YES;
				INFOPLIST_KEY_UILaunchStoryboardName = LaunchScreen;
				INFOPLIST_KEY_UIMainStoryboardFile = Main;
				INFOPLIST_KEY_UISupportedInterfaceOrientations_iPad = "UIInterfaceOrientationPortrait UIInterfaceOrientationPortraitUpsideDown UIInterfaceOrientationLandscapeLeft UIInterfaceOrientationLandscapeRight";
				INFOPLIST_KEY_UISupportedInterfaceOrientations_iPhone = "UIInterfaceOrientationPortrait UIInterfaceOrientationLandscapeLeft UIInterfaceOrientationLandscapeRight";
				LD_RUNPATH_SEARCH_PATHS = (
					"$(inherited)",
					"@executable_path/Frameworks",
				);
				MARKETING_VERSION = 1.0;
				PRODUCT_BUNDLE_IDENTIFIER = jp.ac.hal.H02021;
				PRODUCT_NAME = "$(TARGET_NAME)";
				SWIFT_EMIT_LOC_STRINGS = YES;
				SWIFT_VERSION = 5.0;
				TARGETED_DEVICE_FAMILY = "1,2";
			};
			name = Release;
		};
		F617102E283D1690008F1C23 /* Debug */ = {
			isa = XCBuildConfiguration;
			buildSettings = {
				ALWAYS_EMBED_SWIFT_STANDARD_LIBRARIES = YES;
				BUNDLE_LOADER = "$(TEST_HOST)";
				CODE_SIGN_STYLE = Automatic;
				CURRENT_PROJECT_VERSION = 1;
				GENERATE_INFOPLIST_FILE = YES;
				IPHONEOS_DEPLOYMENT_TARGET = 15.5;
				MARKETING_VERSION = 1.0;
				PRODUCT_BUNDLE_IDENTIFIER = jp.ac.hal.H02021Tests;
				PRODUCT_NAME = "$(TARGET_NAME)";
				SWIFT_EMIT_LOC_STRINGS = NO;
				SWIFT_VERSION = 5.0;
				TARGETED_DEVICE_FAMILY = "1,2";
				TEST_HOST = "$(BUILT_PRODUCTS_DIR)/H02021.app/H02021";
			};
			name = Debug;
		};
		F617102F283D1690008F1C23 /* Release */ = {
			isa = XCBuildConfiguration;
			buildSettings = {
				ALWAYS_EMBED_SWIFT_STANDARD_LIBRARIES = YES;
				BUNDLE_LOADER = "$(TEST_HOST)";
				CODE_SIGN_STYLE = Automatic;
				CURRENT_PROJECT_VERSION = 1;
				GENERATE_INFOPLIST_FILE = YES;
				IPHONEOS_DEPLOYMENT_TARGET = 15.5;
				MARKETING_VERSION = 1.0;
				PRODUCT_BUNDLE_IDENTIFIER = jp.ac.hal.H02021Tests;
				PRODUCT_NAME = "$(TARGET_NAME)";
				SWIFT_EMIT_LOC_STRINGS = NO;
				SWIFT_VERSION = 5.0;
				TARGETED_DEVICE_FAMILY = "1,2";
				TEST_HOST = "$(BUILT_PRODUCTS_DIR)/H02021.app/H02021";
			};
			name = Release;
		};
		F6171031283D1690008F1C23 /* Debug */ = {
			isa = XCBuildConfiguration;
			buildSettings = {
				ALWAYS_EMBED_SWIFT_STANDARD_LIBRARIES = YES;
				CODE_SIGN_STYLE = Automatic;
				CURRENT_PROJECT_VERSION = 1;
				GENERATE_INFOPLIST_FILE = YES;
				MARKETING_VERSION = 1.0;
				PRODUCT_BUNDLE_IDENTIFIER = jp.ac.hal.H02021UITests;
				PRODUCT_NAME = "$(TARGET_NAME)";
				SWIFT_EMIT_LOC_STRINGS = NO;
				SWIFT_VERSION = 5.0;
				TARGETED_DEVICE_FAMILY = "1,2";
				TEST_TARGET_NAME = H02021;
			};
			name = Debug;
		};
		F6171032283D1690008F1C23 /* Release */ = {
			isa = XCBuildConfiguration;
			buildSettings = {
				ALWAYS_EMBED_SWIFT_STANDARD_LIBRARIES = YES;
				CODE_SIGN_STYLE = Automatic;
				CURRENT_PROJECT_VERSION = 1;
				GENERATE_INFOPLIST_FILE = YES;
				MARKETING_VERSION = 1.0;
				PRODUCT_BUNDLE_IDENTIFIER = jp.ac.hal.H02021UITests;
				PRODUCT_NAME = "$(TARGET_NAME)";
				SWIFT_EMIT_LOC_STRINGS = NO;
				SWIFT_VERSION = 5.0;
				TARGETED_DEVICE_FAMILY = "1,2";
				TEST_TARGET_NAME = H02021;
			};
			name = Release;
		};
/* End XCBuildConfiguration section */

/* Begin XCConfigurationList section */
		F6170FFB283D168D008F1C23 /* Build configuration list for PBXProject "H02021" */ = {
			isa = XCConfigurationList;
			buildConfigurations = (
				F6171028283D1690008F1C23 /* Debug */,
				F6171029283D1690008F1C23 /* Release */,
			);
			defaultConfigurationIsVisible = 0;
			defaultConfigurationName = Release;
		};
		F617102A283D1690008F1C23 /* Build configuration list for PBXNativeTarget "H02021" */ = {
			isa = XCConfigurationList;
			buildConfigurations = (
				F617102B283D1690008F1C23 /* Debug */,
				F617102C283D1690008F1C23 /* Release */,
			);
			defaultConfigurationIsVisible = 0;
			defaultConfigurationName = Release;
		};
		F617102D283D1690008F1C23 /* Build configuration list for PBXNativeTarget "H02021Tests" */ = {
			isa = XCConfigurationList;
			buildConfigurations = (
				F617102E283D1690008F1C23 /* Debug */,
				F617102F283D1690008F1C23 /* Release */,
			);
			defaultConfigurationIsVisible = 0;
			defaultConfigurationName = Release;
		};
		F6171030283D1690008F1C23 /* Build configuration list for PBXNativeTarget "H02021UITests" */ = {
			isa = XCConfigurationList;
			buildConfigurations = (
				F6171031283D1690008F1C23 /* Debug */,
				F6171032283D1690008F1C23 /* Release */,
			);
			defaultConfigurationIsVisible = 0;
			defaultConfigurationName = Release;
		};
/* End XCConfigurationList section */
	};
	rootObject = F6170FF8283D168D008F1C23 /* Project object */;
}
